Microsoft Visual Studio Solution File, Format Version 12.00
# Visual Studio Version 16
VisualStudioVersion = 16.0.28803.352
MinimumVisualStudioVersion = 10.0.40219.1
Project("{888888A0-9F3D-457C-B088-3A5042F75D52}") = "Gearshift", "Gearshift.pyproj", "{FDAABD5A-AFEE-4B2A-9386-B1B31D9B09AB}"
EndProject
Global
	GlobalSection(SolutionConfigurationPlatforms) = preSolution
		Debug|Any CPU = Debug|Any CPU
		Release|Any CPU = Release|Any CPU
	EndGlobalSection
	GlobalSection(ProjectConfigurationPlatforms) = postSolution
		{FDAABD5A-AFEE-4B2A-9386-B1B31D9B09AB}.Debug|Any CPU.ActiveCfg = Debug|Any CPU
		{FDAABD5A-AFEE-4B2A-9386-B1B31D9B09AB}.Release|Any CPU.ActiveCfg = Release|Any CPU
	EndGlobalSection
	GlobalSection(SolutionProperties) = preSolution
		HideSolutionNode = FALSE
	EndGlobalSection
	GlobalSection(ExtensibilityGlobals) = postSolution
		SolutionGuid = {CB3A35AE-8C81-4AB8-A0FA-3E8B21C5695C}
	EndGlobalSection
EndGlobal
