
Microsoft Visual Studio Solution File, Format Version 12.00
# Visual Studio Version 16
VisualStudioVersion = 16.0.29215.179
MinimumVisualStudioVersion = 10.0.40219.1
Project("{888888A0-9F3D-457C-B088-3A5042F75D52}") = "WindowsVersionFile", "WindowsVersionFile.pyproj", "{AFBE52B5-C0F5-4ADB-8F8B-7F9F41149E4E}"
EndProject
Global
	GlobalSection(SolutionConfigurationPlatforms) = preSolution
		Debug|Any CPU = Debug|Any CPU
		Release|Any CPU = Release|Any CPU
	EndGlobalSection
	GlobalSection(ProjectConfigurationPlatforms) = postSolution
		{AFBE52B5-C0F5-4ADB-8F8B-7F9F41149E4E}.Debug|Any CPU.ActiveCfg = Debug|Any CPU
		{AFBE52B5-C0F5-4ADB-8F8B-7F9F41149E4E}.Release|Any CPU.ActiveCfg = Release|Any CPU
	EndGlobalSection
	GlobalSection(SolutionProperties) = preSolution
		HideSolutionNode = FALSE
	EndGlobalSection
	GlobalSection(ExtensibilityGlobals) = postSolution
		SolutionGuid = {25C7A521-26E4-4B21-B74B-0FE142BBCB72}
	EndGlobalSection
EndGlobal
